
Microsoft Visual Studio Solution File, Format Version 12.00
# Visual Studio Version 16
VisualStudioVersion = 16.0.31005.135
MinimumVisualStudioVersion = 10.0.40219.1
Project("{9A19103F-16F7-4668-BE54-9A1E7A4F7556}") = "allopromoPortal", "allopromoPortal.csproj", "{F551E77B-745F-4302-86FB-707B458DE645}"
EndProject
Global
	GlobalSection(SolutionConfigurationPlatforms) = preSolution
		Debug|Any CPU = Debug|Any CPU
		Release|Any CPU = Release|Any CPU
	EndGlobalSection
	GlobalSection(ProjectConfigurationPlatforms) = postSolution
		{F551E77B-745F-4302-86FB-707B458DE645}.Debug|Any CPU.ActiveCfg = Debug|Any CPU
		{F551E77B-745F-4302-86FB-707B458DE645}.Debug|Any CPU.Build.0 = Debug|Any CPU
		{F551E77B-745F-4302-86FB-707B458DE645}.Release|Any CPU.ActiveCfg = Release|Any CPU
		{F551E77B-745F-4302-86FB-707B458DE645}.Release|Any CPU.Build.0 = Release|Any CPU
	EndGlobalSection
	GlobalSection(SolutionProperties) = preSolution
		HideSolutionNode = FALSE
	EndGlobalSection
	GlobalSection(ExtensibilityGlobals) = postSolution
		SolutionGuid = {9F2DA497-D95C-43DA-A861-FE1F1D6A5B93}
	EndGlobalSection
EndGlobal
