
Microsoft Visual Studio Solution File, Format Version 12.00
# Visual Studio Version 16
VisualStudioVersion = 16.0.31005.135
MinimumVisualStudioVersion = 10.0.40219.1
Project("{2150E333-8FDC-42A3-9474-1A3956D46DE8}") = "Microservices", "Microservices", "{CBE19D32-411B-4170-826B-53A4E11FFEA2}"
EndProject
Project("{2150E333-8FDC-42A3-9474-1A3956D46DE8}") = "src", "src", "{918C8F23-A10C-4AFB-95AF-E1392E2BD145}"
EndProject
Project("{2150E333-8FDC-42A3-9474-1A3956D46DE8}") = "tests", "tests", "{F119E781-E4B3-4D7A-A12D-13BF97BB12EC}"
EndProject
Project("{9A19103F-16F7-4668-BE54-9A1E7A4F7556}") = "allopromo.Api.UnitTests", "allopromo.Api.UnitTests\allopromo.Api.UnitTests.csproj", "{EF3EB192-D7C9-4A1E-AB12-0AD11B31D50A}"
EndProject
Project("{9A19103F-16F7-4668-BE54-9A1E7A4F7556}") = "allopromo.Core", "allopromo.Core\allopromo.Core.csproj", "{AED909AF-FFD6-4459-8998-4813E5EB3565}"
EndProject
Project("{9A19103F-16F7-4668-BE54-9A1E7A4F7556}") = "allopromo.Infrastructure", "allopromo.Infrastructure\allopromo.Infrastructure.csproj", "{103B94D3-569A-423F-ADEE-F98F98551150}"
	ProjectSection(ProjectDependencies) = postProject
		{AED909AF-FFD6-4459-8998-4813E5EB3565} = {AED909AF-FFD6-4459-8998-4813E5EB3565}
	EndProjectSection
EndProject
Project("{9A19103F-16F7-4668-BE54-9A1E7A4F7556}") = "allopromo.Api", "allopromo.Api\allopromo.Api.csproj", "{5DFB4743-78BC-4E7A-8F21-0B51729F8589}"
EndProject
Project("{9A19103F-16F7-4668-BE54-9A1E7A4F7556}") = "allopromo.Infrastructure.UnitTests", "allopromo.Infrastructures.UnitTest\allopromo.Infrastructure.UnitTests.csproj", "{7C784765-3553-4FC7-8AE4-DF6892CC25A3}"
	ProjectSection(ProjectDependencies) = postProject
		{103B94D3-569A-423F-ADEE-F98F98551150} = {103B94D3-569A-423F-ADEE-F98F98551150}
	EndProjectSection
EndProject
Project("{9A19103F-16F7-4668-BE54-9A1E7A4F7556}") = "allopromo.Core.UnitTests", "allopromo.Core.UnitTests\allopromo.Core.UnitTests.csproj", "{E881FD4A-3644-4CCC-9E70-7FF4F0075F94}"
	ProjectSection(ProjectDependencies) = postProject
		{420B6808-04DB-4084-A707-1092FD1FB7B7} = {420B6808-04DB-4084-A707-1092FD1FB7B7}
	EndProjectSection
EndProject
Project("{2150E333-8FDC-42A3-9474-1A3956D46DE8}") = "promos", "promos", "{0B76A71B-D5C4-4E05-9BE9-98C0221CF7D5}"
EndProject
Project("{2150E333-8FDC-42A3-9474-1A3956D46DE8}") = "ordering", "ordering", "{528D3705-1E80-4A04-B012-4AEB3E32E705}"
EndProject
Project("{2150E333-8FDC-42A3-9474-1A3956D46DE8}") = "billing", "billing", "{2B0DF0B4-851C-4644-B01C-39ACED89EA97}"
EndProject
Project("{2150E333-8FDC-42A3-9474-1A3956D46DE8}") = "authorization", "authorization", "{2314B26E-A50D-4F43-9444-614417C60795}"
EndProject
Project("{2150E333-8FDC-42A3-9474-1A3956D46DE8}") = "e2eTests", "e2eTests", "{02CDDCC6-EE4D-4807-B123-920D61D28805}"
	ProjectSection(SolutionItems) = preProject
		WebBrowser.cs = WebBrowser.cs
	EndProjectSection
EndProject
Project("{2150E333-8FDC-42A3-9474-1A3956D46DE8}") = "UnitTests", "UnitTests", "{EC4266CE-1F20-4BEB-8E2F-514A4DFE24F9}"
EndProject
Project("{9A19103F-16F7-4668-BE54-9A1E7A4F7556}") = "allopromo.Shared", "allopromo.Shared\allopromo.Shared.csproj", "{420B6808-04DB-4084-A707-1092FD1FB7B7}"
EndProject
Project("{9A19103F-16F7-4668-BE54-9A1E7A4F7556}") = "allopromo.Domain", "allopromo.Domain\allopromo.Domain.csproj", "{057FE361-478B-4138-AC6B-02CEDFB75BA7}"
EndProject
Project("{9A19103F-16F7-4668-BE54-9A1E7A4F7556}") = "allopromo.Admin.UnitTests", "allopromo.Admin.UnitTests\allopromo.Admin.UnitTests.csproj", "{652F71CA-179F-4077-9F64-EB06CA6EA2E7}"
	ProjectSection(ProjectDependencies) = postProject
		{386AD860-4932-4618-8DF3-5518C3C34DE8} = {386AD860-4932-4618-8DF3-5518C3C34DE8}
	EndProjectSection
EndProject
Project("{9A19103F-16F7-4668-BE54-9A1E7A4F7556}") = "allopromo.Admin", "allopromo.Admin\allopromo.Admin.csproj", "{386AD860-4932-4618-8DF3-5518C3C34DE8}"
EndProject
Project("{2150E333-8FDC-42A3-9474-1A3956D46DE8}") = "authentication", "authentication", "{E91F79D3-E932-4E65-89F7-2DCDE838FAAE}"
EndProject
Project("{9A19103F-16F7-4668-BE54-9A1E7A4F7556}") = "allopromo.Client", "allopromo.Client\allopromo.Client.csproj", "{E343A068-E538-44C5-A5C8-B058438B443F}"
EndProject
Project("{2150E333-8FDC-42A3-9474-1A3956D46DE8}") = "signalr", "signalr", "{B0542B9E-29DB-4BD3-8FA2-AF1EF1AE9173}"
	ProjectSection(SolutionItems) = preProject
		chat.js = chat.js
	EndProjectSection
EndProject
Global
	GlobalSection(SolutionConfigurationPlatforms) = preSolution
		Debug|Any CPU = Debug|Any CPU
		Release|Any CPU = Release|Any CPU
	EndGlobalSection
	GlobalSection(ProjectConfigurationPlatforms) = postSolution
		{EF3EB192-D7C9-4A1E-AB12-0AD11B31D50A}.Debug|Any CPU.ActiveCfg = Debug|Any CPU
		{EF3EB192-D7C9-4A1E-AB12-0AD11B31D50A}.Debug|Any CPU.Build.0 = Debug|Any CPU
		{EF3EB192-D7C9-4A1E-AB12-0AD11B31D50A}.Release|Any CPU.ActiveCfg = Release|Any CPU
		{EF3EB192-D7C9-4A1E-AB12-0AD11B31D50A}.Release|Any CPU.Build.0 = Release|Any CPU
		{AED909AF-FFD6-4459-8998-4813E5EB3565}.Debug|Any CPU.ActiveCfg = Debug|Any CPU
		{AED909AF-FFD6-4459-8998-4813E5EB3565}.Debug|Any CPU.Build.0 = Debug|Any CPU
		{AED909AF-FFD6-4459-8998-4813E5EB3565}.Release|Any CPU.ActiveCfg = Release|Any CPU
		{AED909AF-FFD6-4459-8998-4813E5EB3565}.Release|Any CPU.Build.0 = Release|Any CPU
		{103B94D3-569A-423F-ADEE-F98F98551150}.Debug|Any CPU.ActiveCfg = Debug|Any CPU
		{103B94D3-569A-423F-ADEE-F98F98551150}.Debug|Any CPU.Build.0 = Debug|Any CPU
		{103B94D3-569A-423F-ADEE-F98F98551150}.Release|Any CPU.ActiveCfg = Release|Any CPU
		{103B94D3-569A-423F-ADEE-F98F98551150}.Release|Any CPU.Build.0 = Release|Any CPU
		{5DFB4743-78BC-4E7A-8F21-0B51729F8589}.Debug|Any CPU.ActiveCfg = Debug|Any CPU
		{5DFB4743-78BC-4E7A-8F21-0B51729F8589}.Debug|Any CPU.Build.0 = Debug|Any CPU
		{5DFB4743-78BC-4E7A-8F21-0B51729F8589}.Release|Any CPU.ActiveCfg = Release|Any CPU
		{5DFB4743-78BC-4E7A-8F21-0B51729F8589}.Release|Any CPU.Build.0 = Release|Any CPU
		{7C784765-3553-4FC7-8AE4-DF6892CC25A3}.Debug|Any CPU.ActiveCfg = Debug|Any CPU
		{7C784765-3553-4FC7-8AE4-DF6892CC25A3}.Debug|Any CPU.Build.0 = Debug|Any CPU
		{7C784765-3553-4FC7-8AE4-DF6892CC25A3}.Release|Any CPU.ActiveCfg = Release|Any CPU
		{7C784765-3553-4FC7-8AE4-DF6892CC25A3}.Release|Any CPU.Build.0 = Release|Any CPU
		{E881FD4A-3644-4CCC-9E70-7FF4F0075F94}.Debug|Any CPU.ActiveCfg = Debug|Any CPU
		{E881FD4A-3644-4CCC-9E70-7FF4F0075F94}.Debug|Any CPU.Build.0 = Debug|Any CPU
		{E881FD4A-3644-4CCC-9E70-7FF4F0075F94}.Release|Any CPU.ActiveCfg = Release|Any CPU
		{E881FD4A-3644-4CCC-9E70-7FF4F0075F94}.Release|Any CPU.Build.0 = Release|Any CPU
		{420B6808-04DB-4084-A707-1092FD1FB7B7}.Debug|Any CPU.ActiveCfg = Debug|Any CPU
		{420B6808-04DB-4084-A707-1092FD1FB7B7}.Debug|Any CPU.Build.0 = Debug|Any CPU
		{420B6808-04DB-4084-A707-1092FD1FB7B7}.Release|Any CPU.ActiveCfg = Release|Any CPU
		{420B6808-04DB-4084-A707-1092FD1FB7B7}.Release|Any CPU.Build.0 = Release|Any CPU
		{057FE361-478B-4138-AC6B-02CEDFB75BA7}.Debug|Any CPU.ActiveCfg = Debug|Any CPU
		{057FE361-478B-4138-AC6B-02CEDFB75BA7}.Debug|Any CPU.Build.0 = Debug|Any CPU
		{057FE361-478B-4138-AC6B-02CEDFB75BA7}.Release|Any CPU.ActiveCfg = Release|Any CPU
		{057FE361-478B-4138-AC6B-02CEDFB75BA7}.Release|Any CPU.Build.0 = Release|Any CPU
		{652F71CA-179F-4077-9F64-EB06CA6EA2E7}.Debug|Any CPU.ActiveCfg = Debug|Any CPU
		{652F71CA-179F-4077-9F64-EB06CA6EA2E7}.Debug|Any CPU.Build.0 = Debug|Any CPU
		{652F71CA-179F-4077-9F64-EB06CA6EA2E7}.Release|Any CPU.ActiveCfg = Release|Any CPU
		{652F71CA-179F-4077-9F64-EB06CA6EA2E7}.Release|Any CPU.Build.0 = Release|Any CPU
		{386AD860-4932-4618-8DF3-5518C3C34DE8}.Debug|Any CPU.ActiveCfg = Debug|Any CPU
		{386AD860-4932-4618-8DF3-5518C3C34DE8}.Debug|Any CPU.Build.0 = Debug|Any CPU
		{386AD860-4932-4618-8DF3-5518C3C34DE8}.Release|Any CPU.ActiveCfg = Release|Any CPU
		{386AD860-4932-4618-8DF3-5518C3C34DE8}.Release|Any CPU.Build.0 = Release|Any CPU
		{E343A068-E538-44C5-A5C8-B058438B443F}.Debug|Any CPU.ActiveCfg = Debug|Any CPU
		{E343A068-E538-44C5-A5C8-B058438B443F}.Debug|Any CPU.Build.0 = Debug|Any CPU
		{E343A068-E538-44C5-A5C8-B058438B443F}.Release|Any CPU.ActiveCfg = Release|Any CPU
		{E343A068-E538-44C5-A5C8-B058438B443F}.Release|Any CPU.Build.0 = Release|Any CPU
	EndGlobalSection
	GlobalSection(SolutionProperties) = preSolution
		HideSolutionNode = FALSE
	EndGlobalSection
	GlobalSection(NestedProjects) = preSolution
		{CBE19D32-411B-4170-826B-53A4E11FFEA2} = {918C8F23-A10C-4AFB-95AF-E1392E2BD145}
		{EF3EB192-D7C9-4A1E-AB12-0AD11B31D50A} = {EC4266CE-1F20-4BEB-8E2F-514A4DFE24F9}
		{AED909AF-FFD6-4459-8998-4813E5EB3565} = {918C8F23-A10C-4AFB-95AF-E1392E2BD145}
		{103B94D3-569A-423F-ADEE-F98F98551150} = {918C8F23-A10C-4AFB-95AF-E1392E2BD145}
		{5DFB4743-78BC-4E7A-8F21-0B51729F8589} = {918C8F23-A10C-4AFB-95AF-E1392E2BD145}
		{7C784765-3553-4FC7-8AE4-DF6892CC25A3} = {EC4266CE-1F20-4BEB-8E2F-514A4DFE24F9}
		{E881FD4A-3644-4CCC-9E70-7FF4F0075F94} = {EC4266CE-1F20-4BEB-8E2F-514A4DFE24F9}
		{0B76A71B-D5C4-4E05-9BE9-98C0221CF7D5} = {CBE19D32-411B-4170-826B-53A4E11FFEA2}
		{528D3705-1E80-4A04-B012-4AEB3E32E705} = {CBE19D32-411B-4170-826B-53A4E11FFEA2}
		{2B0DF0B4-851C-4644-B01C-39ACED89EA97} = {CBE19D32-411B-4170-826B-53A4E11FFEA2}
		{2314B26E-A50D-4F43-9444-614417C60795} = {CBE19D32-411B-4170-826B-53A4E11FFEA2}
		{02CDDCC6-EE4D-4807-B123-920D61D28805} = {F119E781-E4B3-4D7A-A12D-13BF97BB12EC}
		{EC4266CE-1F20-4BEB-8E2F-514A4DFE24F9} = {F119E781-E4B3-4D7A-A12D-13BF97BB12EC}
		{420B6808-04DB-4084-A707-1092FD1FB7B7} = {918C8F23-A10C-4AFB-95AF-E1392E2BD145}
		{057FE361-478B-4138-AC6B-02CEDFB75BA7} = {918C8F23-A10C-4AFB-95AF-E1392E2BD145}
		{652F71CA-179F-4077-9F64-EB06CA6EA2E7} = {EC4266CE-1F20-4BEB-8E2F-514A4DFE24F9}
		{386AD860-4932-4618-8DF3-5518C3C34DE8} = {918C8F23-A10C-4AFB-95AF-E1392E2BD145}
		{E91F79D3-E932-4E65-89F7-2DCDE838FAAE} = {CBE19D32-411B-4170-826B-53A4E11FFEA2}
		{E343A068-E538-44C5-A5C8-B058438B443F} = {918C8F23-A10C-4AFB-95AF-E1392E2BD145}
		{B0542B9E-29DB-4BD3-8FA2-AF1EF1AE9173} = {918C8F23-A10C-4AFB-95AF-E1392E2BD145}
	EndGlobalSection
	GlobalSection(ExtensibilityGlobals) = postSolution
		SolutionGuid = {4183155A-A95C-4805-BF2A-579D6D143D64}
	EndGlobalSection
EndGlobal
