
Microsoft Visual Studio Solution File, Format Version 12.00
# Visual Studio Version 16
VisualStudioVersion = 16.0.31005.135
MinimumVisualStudioVersion = 10.0.40219.1
Project("{2150E333-8FDC-42A3-9474-1A3956D46DE8}") = "Microservices", "Microservices", "{CBE19D32-411B-4170-826B-53A4E11FFEA2}"
EndProject
Project("{2150E333-8FDC-42A3-9474-1A3956D46DE8}") = "src", "src", "{918C8F23-A10C-4AFB-95AF-E1392E2BD145}"
EndProject
Project("{2150E333-8FDC-42A3-9474-1A3956D46DE8}") = "ordering", "ordering", "{528D3705-1E80-4A04-B012-4AEB3E32E705}"
EndProject
Project("{2150E333-8FDC-42A3-9474-1A3956D46DE8}") = "signalr", "signalr", "{B0542B9E-29DB-4BD3-8FA2-AF1EF1AE9173}"
	ProjectSection(SolutionItems) = preProject
		chat.js = chat.js
	EndProjectSection
EndProject
Project("{9A19103F-16F7-4668-BE54-9A1E7A4F7556}") = "allopromo.Api", "src\allopromo.Api\allopromo.Api.csproj", "{12361ED9-C49C-46EE-BC1D-713170B8FE6F}"
EndProject
Project("{9A19103F-16F7-4668-BE54-9A1E7A4F7556}") = "allopromo.Core", "src\allopromo.Core\allopromo.Core.csproj", "{B1E5AF4E-A6B3-4141-A694-CA7F981DD206}"
EndProject
Project("{9A19103F-16F7-4668-BE54-9A1E7A4F7556}") = "allopromo.Infrastructure", "src\allopromo.Infrastructure\allopromo.Infrastructure.csproj", "{2B86ADDD-2103-424A-897C-33481AA395F5}"
EndProject
Project("{9A19103F-16F7-4668-BE54-9A1E7A4F7556}") = "allopromo.Domain", "src\allopromo.Domain\allopromo.Domain.csproj", "{5AF5E47F-C0FD-4591-8B53-52A0B72CF5CF}"
EndProject
Project("{FAE04EC0-301F-11D3-BF4B-00C04F79EFBC}") = "allopromo.Services", "src\allopromo.Services\allopromo.Services.csproj", "{4D33E90E-00CA-4077-8F7F-46D89800566B}"
EndProject
Global
	GlobalSection(SolutionConfigurationPlatforms) = preSolution
		Debug|Any CPU = Debug|Any CPU
		Release|Any CPU = Release|Any CPU
	EndGlobalSection
	GlobalSection(ProjectConfigurationPlatforms) = postSolution
		{12361ED9-C49C-46EE-BC1D-713170B8FE6F}.Debug|Any CPU.ActiveCfg = Debug|Any CPU
		{12361ED9-C49C-46EE-BC1D-713170B8FE6F}.Debug|Any CPU.Build.0 = Debug|Any CPU
		{12361ED9-C49C-46EE-BC1D-713170B8FE6F}.Release|Any CPU.ActiveCfg = Release|Any CPU
		{12361ED9-C49C-46EE-BC1D-713170B8FE6F}.Release|Any CPU.Build.0 = Release|Any CPU
		{B1E5AF4E-A6B3-4141-A694-CA7F981DD206}.Debug|Any CPU.ActiveCfg = Debug|Any CPU
		{B1E5AF4E-A6B3-4141-A694-CA7F981DD206}.Debug|Any CPU.Build.0 = Debug|Any CPU
		{B1E5AF4E-A6B3-4141-A694-CA7F981DD206}.Release|Any CPU.ActiveCfg = Release|Any CPU
		{B1E5AF4E-A6B3-4141-A694-CA7F981DD206}.Release|Any CPU.Build.0 = Release|Any CPU
		{2B86ADDD-2103-424A-897C-33481AA395F5}.Debug|Any CPU.ActiveCfg = Debug|Any CPU
		{2B86ADDD-2103-424A-897C-33481AA395F5}.Debug|Any CPU.Build.0 = Debug|Any CPU
		{2B86ADDD-2103-424A-897C-33481AA395F5}.Release|Any CPU.ActiveCfg = Release|Any CPU
		{2B86ADDD-2103-424A-897C-33481AA395F5}.Release|Any CPU.Build.0 = Release|Any CPU
		{5AF5E47F-C0FD-4591-8B53-52A0B72CF5CF}.Debug|Any CPU.ActiveCfg = Debug|Any CPU
		{5AF5E47F-C0FD-4591-8B53-52A0B72CF5CF}.Debug|Any CPU.Build.0 = Debug|Any CPU
		{5AF5E47F-C0FD-4591-8B53-52A0B72CF5CF}.Release|Any CPU.ActiveCfg = Release|Any CPU
		{5AF5E47F-C0FD-4591-8B53-52A0B72CF5CF}.Release|Any CPU.Build.0 = Release|Any CPU
		{4D33E90E-00CA-4077-8F7F-46D89800566B}.Debug|Any CPU.ActiveCfg = Debug|Any CPU
		{4D33E90E-00CA-4077-8F7F-46D89800566B}.Debug|Any CPU.Build.0 = Debug|Any CPU
		{4D33E90E-00CA-4077-8F7F-46D89800566B}.Release|Any CPU.ActiveCfg = Release|Any CPU
		{4D33E90E-00CA-4077-8F7F-46D89800566B}.Release|Any CPU.Build.0 = Release|Any CPU
	EndGlobalSection
	GlobalSection(SolutionProperties) = preSolution
		HideSolutionNode = FALSE
	EndGlobalSection
	GlobalSection(NestedProjects) = preSolution
		{CBE19D32-411B-4170-826B-53A4E11FFEA2} = {918C8F23-A10C-4AFB-95AF-E1392E2BD145}
		{528D3705-1E80-4A04-B012-4AEB3E32E705} = {CBE19D32-411B-4170-826B-53A4E11FFEA2}
		{B0542B9E-29DB-4BD3-8FA2-AF1EF1AE9173} = {918C8F23-A10C-4AFB-95AF-E1392E2BD145}
		{12361ED9-C49C-46EE-BC1D-713170B8FE6F} = {918C8F23-A10C-4AFB-95AF-E1392E2BD145}
		{B1E5AF4E-A6B3-4141-A694-CA7F981DD206} = {918C8F23-A10C-4AFB-95AF-E1392E2BD145}
		{2B86ADDD-2103-424A-897C-33481AA395F5} = {918C8F23-A10C-4AFB-95AF-E1392E2BD145}
		{5AF5E47F-C0FD-4591-8B53-52A0B72CF5CF} = {918C8F23-A10C-4AFB-95AF-E1392E2BD145}
		{4D33E90E-00CA-4077-8F7F-46D89800566B} = {918C8F23-A10C-4AFB-95AF-E1392E2BD145}
	EndGlobalSection
	GlobalSection(ExtensibilityGlobals) = postSolution
		SolutionGuid = {4183155A-A95C-4805-BF2A-579D6D143D64}
	EndGlobalSection
EndGlobal
